
Microsoft Visual Studio Solution File, Format Version 12.00
# Visual Studio Version 17
VisualStudioVersion = 17.7.34221.43
MinimumVisualStudioVersion = 10.0.40219.1
Project("{9A19103F-16F7-4668-BE54-9A1E7A4F7556}") = "CommissionManagerAPP", "CommissionManagerAPP.csproj", "{131332F9-C7D1-4E05-853E-8D3EB2988B6D}"
EndProject
Project("{9A19103F-16F7-4668-BE54-9A1E7A4F7556}") = "CommissionManager.GUI", "..\CommissionManager.GUI\CommissionManager.GUI.csproj", "{F2A9C728-17AC-4D96-8EF5-495A1C17081B}"
EndProject
Global
	GlobalSection(SolutionConfigurationPlatforms) = preSolution
		Debug|Any CPU = Debug|Any CPU
		Release|Any CPU = Release|Any CPU
	EndGlobalSection
	GlobalSection(ProjectConfigurationPlatforms) = postSolution
		{131332F9-C7D1-4E05-853E-8D3EB2988B6D}.Debug|Any CPU.ActiveCfg = Debug|Any CPU
		{131332F9-C7D1-4E05-853E-8D3EB2988B6D}.Debug|Any CPU.Build.0 = Debug|Any CPU
		{131332F9-C7D1-4E05-853E-8D3EB2988B6D}.Release|Any CPU.ActiveCfg = Release|Any CPU
		{131332F9-C7D1-4E05-853E-8D3EB2988B6D}.Release|Any CPU.Build.0 = Release|Any CPU
		{F2A9C728-17AC-4D96-8EF5-495A1C17081B}.Debug|Any CPU.ActiveCfg = Debug|Any CPU
		{F2A9C728-17AC-4D96-8EF5-495A1C17081B}.Debug|Any CPU.Build.0 = Debug|Any CPU
		{F2A9C728-17AC-4D96-8EF5-495A1C17081B}.Release|Any CPU.ActiveCfg = Release|Any CPU
		{F2A9C728-17AC-4D96-8EF5-495A1C17081B}.Release|Any CPU.Build.0 = Release|Any CPU
	EndGlobalSection
	GlobalSection(SolutionProperties) = preSolution
		HideSolutionNode = FALSE
	EndGlobalSection
	GlobalSection(ExtensibilityGlobals) = postSolution
		SolutionGuid = {7D79499E-80E5-4AB6-9522-2C56C10E10E2}
	EndGlobalSection
EndGlobal
